
Microsoft Visual Studio Solution File, Format Version 12.00
# Visual Studio Version 17
VisualStudioVersion = 17.6.33712.159
MinimumVisualStudioVersion = 10.0.40219.1
Project("{9A19103F-16F7-4668-BE54-9A1E7A4F7556}") = "students web", "students web\students web.csproj", "{CA3C73FB-1622-427E-AEFF-AC3454A33419}"
EndProject
Project("{9A19103F-16F7-4668-BE54-9A1E7A4F7556}") = "students Api", "studentsApi\students Api.csproj", "{2C174C7E-D827-4B70-9C98-8E9D4FB4A7FF}"
EndProject
Project("{9A19103F-16F7-4668-BE54-9A1E7A4F7556}") = "Dtos", "Dtos\Dtos.csproj", "{C6EFCB91-13A7-4A5F-B8B7-D56F0063165C}"
EndProject
Global
	GlobalSection(SolutionConfigurationPlatforms) = preSolution
		Debug|Any CPU = Debug|Any CPU
		Release|Any CPU = Release|Any CPU
	EndGlobalSection
	GlobalSection(ProjectConfigurationPlatforms) = postSolution
		{CA3C73FB-1622-427E-AEFF-AC3454A33419}.Debug|Any CPU.ActiveCfg = Debug|Any CPU
		{CA3C73FB-1622-427E-AEFF-AC3454A33419}.Debug|Any CPU.Build.0 = Debug|Any CPU
		{CA3C73FB-1622-427E-AEFF-AC3454A33419}.Release|Any CPU.ActiveCfg = Release|Any CPU
		{CA3C73FB-1622-427E-AEFF-AC3454A33419}.Release|Any CPU.Build.0 = Release|Any CPU
		{2C174C7E-D827-4B70-9C98-8E9D4FB4A7FF}.Debug|Any CPU.ActiveCfg = Debug|Any CPU
		{2C174C7E-D827-4B70-9C98-8E9D4FB4A7FF}.Debug|Any CPU.Build.0 = Debug|Any CPU
		{2C174C7E-D827-4B70-9C98-8E9D4FB4A7FF}.Release|Any CPU.ActiveCfg = Release|Any CPU
		{2C174C7E-D827-4B70-9C98-8E9D4FB4A7FF}.Release|Any CPU.Build.0 = Release|Any CPU
		{C6EFCB91-13A7-4A5F-B8B7-D56F0063165C}.Debug|Any CPU.ActiveCfg = Debug|Any CPU
		{C6EFCB91-13A7-4A5F-B8B7-D56F0063165C}.Debug|Any CPU.Build.0 = Debug|Any CPU
		{C6EFCB91-13A7-4A5F-B8B7-D56F0063165C}.Release|Any CPU.ActiveCfg = Release|Any CPU
		{C6EFCB91-13A7-4A5F-B8B7-D56F0063165C}.Release|Any CPU.Build.0 = Release|Any CPU
	EndGlobalSection
	GlobalSection(SolutionProperties) = preSolution
		HideSolutionNode = FALSE
	EndGlobalSection
	GlobalSection(ExtensibilityGlobals) = postSolution
		SolutionGuid = {764320C4-848F-4471-8303-6D329E43E764}
	EndGlobalSection
EndGlobal
